
Microsoft Visual Studio Solution File, Format Version 12.00
Project("{FAE04EC0-301F-11D3-BF4B-00C04F79EFBC}") = "AllTheBeans", "AllTheBeans\AllTheBeans.csproj", "{5CC35482-85BC-4DF5-B5EB-DD0F06F77423}"
EndProject
Project("{2150E333-8FDC-42A3-9474-1A3956D46DE8}") = "Solution Items", "Solution Items", "{849E7297-DEF2-459A-A580-F142262447A1}"
	ProjectSection(SolutionItems) = preProject
		compose.yaml = compose.yaml
		.dockerignore = .dockerignore
		Dockerfile = Dockerfile
		AllTheBeans.http = AllTheBeans.http
		README.md = README.md
	EndProjectSection
EndProject
Project("{FAE04EC0-301F-11D3-BF4B-00C04F79EFBC}") = "AllTheBeans.UnitTests", "AllTheBeans.UnitTests\AllTheBeans.UnitTests.csproj", "{7980BB21-956A-4939-86A3-AAC92E97047D}"
EndProject
Project("{2150E333-8FDC-42A3-9474-1A3956D46DE8}") = "Tests", "Tests", "{C0FC2C0B-3501-43D2-BA08-A737C0D43B05}"
EndProject
Project("{FAE04EC0-301F-11D3-BF4B-00C04F79EFBC}") = "AllTheBeans.IntegrationTests", "AllTheBeans.IntegrationTests\AllTheBeans.IntegrationTests.csproj", "{E0F3C0C7-B046-4DBE-9348-17D44F8DA416}"
EndProject
Global
	GlobalSection(SolutionConfigurationPlatforms) = preSolution
		Debug|Any CPU = Debug|Any CPU
		Release|Any CPU = Release|Any CPU
	EndGlobalSection
	GlobalSection(ProjectConfigurationPlatforms) = postSolution
		{5CC35482-85BC-4DF5-B5EB-DD0F06F77423}.Debug|Any CPU.ActiveCfg = Debug|Any CPU
		{5CC35482-85BC-4DF5-B5EB-DD0F06F77423}.Debug|Any CPU.Build.0 = Debug|Any CPU
		{5CC35482-85BC-4DF5-B5EB-DD0F06F77423}.Release|Any CPU.ActiveCfg = Release|Any CPU
		{5CC35482-85BC-4DF5-B5EB-DD0F06F77423}.Release|Any CPU.Build.0 = Release|Any CPU
		{7980BB21-956A-4939-86A3-AAC92E97047D}.Debug|Any CPU.ActiveCfg = Debug|Any CPU
		{7980BB21-956A-4939-86A3-AAC92E97047D}.Debug|Any CPU.Build.0 = Debug|Any CPU
		{7980BB21-956A-4939-86A3-AAC92E97047D}.Release|Any CPU.ActiveCfg = Release|Any CPU
		{7980BB21-956A-4939-86A3-AAC92E97047D}.Release|Any CPU.Build.0 = Release|Any CPU
		{E0F3C0C7-B046-4DBE-9348-17D44F8DA416}.Debug|Any CPU.ActiveCfg = Debug|Any CPU
		{E0F3C0C7-B046-4DBE-9348-17D44F8DA416}.Debug|Any CPU.Build.0 = Debug|Any CPU
		{E0F3C0C7-B046-4DBE-9348-17D44F8DA416}.Release|Any CPU.ActiveCfg = Release|Any CPU
		{E0F3C0C7-B046-4DBE-9348-17D44F8DA416}.Release|Any CPU.Build.0 = Release|Any CPU
	EndGlobalSection
	GlobalSection(NestedProjects) = preSolution
		{7980BB21-956A-4939-86A3-AAC92E97047D} = {C0FC2C0B-3501-43D2-BA08-A737C0D43B05}
		{E0F3C0C7-B046-4DBE-9348-17D44F8DA416} = {C0FC2C0B-3501-43D2-BA08-A737C0D43B05}
	EndGlobalSection
EndGlobal
